
Microsoft Visual Studio Solution File, Format Version 12.00
# Visual Studio Version 17
VisualStudioVersion = 17.7.34221.43
MinimumVisualStudioVersion = 10.0.40219.1
Project("{FAE04EC0-301F-11D3-BF4B-00C04F79EFBC}") = "BannerlordModEditor", "BannerlordModEditor\BannerlordModEditor.csproj", "{1C612B9D-2B1F-48EB-A2ED-A258677C855B}"
EndProject
Global
	GlobalSection(SolutionConfigurationPlatforms) = preSolution
		Debug|Any CPU = Debug|Any CPU
		Release|Any CPU = Release|Any CPU
	EndGlobalSection
	GlobalSection(ProjectConfigurationPlatforms) = postSolution
		{1C612B9D-2B1F-48EB-A2ED-A258677C855B}.Debug|Any CPU.ActiveCfg = Debug|Any CPU
		{1C612B9D-2B1F-48EB-A2ED-A258677C855B}.Debug|Any CPU.Build.0 = Debug|Any CPU
		{1C612B9D-2B1F-48EB-A2ED-A258677C855B}.Release|Any CPU.ActiveCfg = Release|Any CPU
		{1C612B9D-2B1F-48EB-A2ED-A258677C855B}.Release|Any CPU.Build.0 = Release|Any CPU
	EndGlobalSection
	GlobalSection(SolutionProperties) = preSolution
		HideSolutionNode = FALSE
	EndGlobalSection
	GlobalSection(ExtensibilityGlobals) = postSolution
		SolutionGuid = {3EEECBE3-A24D-41E9-9DA1-F81507973D0F}
	EndGlobalSection
EndGlobal
