
Microsoft Visual Studio Solution File, Format Version 12.00
# Visual Studio Version 17
VisualStudioVersion = 17.7.34221.43
MinimumVisualStudioVersion = 10.0.40219.1
Project("{FAE04EC0-301F-11D3-BF4B-00C04F79EFBC}") = "BannerlordModEditor.Common", "BannerlordModEditor.Common\BannerlordModEditor.Common.csproj", "{A8F1E3A2-F226-4925-9AD3-E8C0C7721CAA}"
EndProject
Project("{FAE04EC0-301F-11D3-BF4B-00C04F79EFBC}") = "BannerlordModEditor.UI", "BannerlordModEditor.UI\BannerlordModEditor.UI.csproj", "{B8F1E3A2-F226-4925-9AD3-E8C0C7721CBB}"
EndProject
Project("{FAE04EC0-301F-11D3-BF4B-00C04F79EFBC}") = "BannerlordModEditor.Common.Tests", "BannerlordModEditor.Common.Tests\BannerlordModEditor.Common.Tests.csproj", "{C8F1E3A2-F226-4925-9AD3-E8C0C7721CCC}"
EndProject
Project("{FAE04EC0-301F-11D3-BF4B-00C04F79EFBC}") = "BannerlordModEditor.UI.Tests", "BannerlordModEditor.UI.Tests\BannerlordModEditor.UI.Tests.csproj", "{D8F1E3A2-F226-4925-9AD3-E8C0C7721CCD}"
EndProject
Project("{FAE04EC0-301F-11D3-BF4B-00C04F79EFBC}") = "BannerlordModEditor.TUI", "BannerlordModEditor.TUI\BannerlordModEditor.TUI.csproj", "{D8F1E3A2-F226-4925-9AD3-E8C0C7721CDD}"
EndProject
Project("{FAE04EC0-301F-11D3-BF4B-00C04F79EFBC}") = "BannerlordModEditor.TUI.Tests", "BannerlordModEditor.TUI.Tests\BannerlordModEditor.TUI.Tests.csproj", "{E8F1E3A2-F226-4925-9AD3-E8C0C7721CEE}"
EndProject
Project("{FAE04EC0-301F-11D3-BF4B-00C04F79EFBC}") = "BannerlordModEditor.TUI.UATTests", "BannerlordModEditor.TUI.UATTests\BannerlordModEditor.TUI.UATTests.csproj", "{F8F1E3A2-F226-4925-9AD3-E8C0C7721CFE}"
EndProject
Project("{FAE04EC0-301F-11D3-BF4B-00C04F79EFBC}") = "BannerlordModEditor.TUI.TmuxTest", "BannerlordModEditor.TUI.TmuxTest\BannerlordModEditor.TUI.TmuxTest.csproj", "{08F1E3A2-F226-4925-9AD3-E8C0C7721CFF}"
EndProject
Project("{FAE04EC0-301F-11D3-BF4B-00C04F79EFBC}") = "BannerlordModEditor.Cli", "BannerlordModEditor.Cli\BannerlordModEditor.Cli.csproj", "{18F1E3A2-F226-4925-9AD3-E8C0C7721CG0}"
EndProject
Project("{FAE04EC0-301F-11D3-BF4B-00C04F79EFBC}") = "BannerlordModEditor.Cli.Tests", "BannerlordModEditor.Cli.Tests\BannerlordModEditor.Cli.Tests.csproj", "{E8F1E3A2-F226-4925-9AD3-E8C0C7721CCE}"
EndProject
Project("{FAE04EC0-301F-11D3-BF4B-00C04F79EFBC}") = "BannerlordModEditor.Cli.IntegrationTests", "BannerlordModEditor.Cli.IntegrationTests\BannerlordModEditor.Cli.IntegrationTests.csproj", "{F8F1E3A2-F226-4925-9AD3-E8C0C7721CCF}"
EndProject
Project("{FAE04EC0-301F-11D3-BF4B-00C04F79EFBC}") = "BannerlordModEditor.Cli.UATTests", "BannerlordModEditor.Cli.UATTests\BannerlordModEditor.Cli.UATTests.csproj", "{G8F1E3A2-F226-4925-9AD3-E8C0C7721CCG}"
EndProject
Global
	GlobalSection(SolutionConfigurationPlatforms) = preSolution
		Debug|Any CPU = Debug|Any CPU
		Debug|x64 = Debug|x64
		Debug|x86 = Debug|x86
		Release|Any CPU = Release|Any CPU
		Release|x64 = Release|x64
		Release|x86 = Release|x86
	EndGlobalSection
	GlobalSection(ProjectConfigurationPlatforms) = postSolution
		{A8F1E3A2-F226-4925-9AD3-E8C0C7721CAA}.Debug|Any CPU.ActiveCfg = Debug|Any CPU
		{A8F1E3A2-F226-4925-9AD3-E8C0C7721CAA}.Debug|Any CPU.Build.0 = Debug|Any CPU
		{A8F1E3A2-F226-4925-9AD3-E8C0C7721CAA}.Debug|x64.ActiveCfg = Debug|Any CPU
		{A8F1E3A2-F226-4925-9AD3-E8C0C7721CAA}.Debug|x64.Build.0 = Debug|Any CPU
		{A8F1E3A2-F226-4925-9AD3-E8C0C7721CAA}.Debug|x86.ActiveCfg = Debug|Any CPU
		{A8F1E3A2-F226-4925-9AD3-E8C0C7721CAA}.Debug|x86.Build.0 = Debug|Any CPU
		{A8F1E3A2-F226-4925-9AD3-E8C0C7721CAA}.Release|Any CPU.ActiveCfg = Release|Any CPU
		{A8F1E3A2-F226-4925-9AD3-E8C0C7721CAA}.Release|Any CPU.Build.0 = Release|Any CPU
		{A8F1E3A2-F226-4925-9AD3-E8C0C7721CAA}.Release|x64.ActiveCfg = Release|Any CPU
		{A8F1E3A2-F226-4925-9AD3-E8C0C7721CAA}.Release|x64.Build.0 = Release|Any CPU
		{A8F1E3A2-F226-4925-9AD3-E8C0C7721CAA}.Release|x86.ActiveCfg = Release|Any CPU
		{A8F1E3A2-F226-4925-9AD3-E8C0C7721CAA}.Release|x86.Build.0 = Release|Any CPU
		{B8F1E3A2-F226-4925-9AD3-E8C0C7721CBB}.Debug|Any CPU.ActiveCfg = Debug|Any CPU
		{B8F1E3A2-F226-4925-9AD3-E8C0C7721CBB}.Debug|Any CPU.Build.0 = Debug|Any CPU
		{B8F1E3A2-F226-4925-9AD3-E8C0C7721CBB}.Debug|x64.ActiveCfg = Debug|Any CPU
		{B8F1E3A2-F226-4925-9AD3-E8C0C7721CBB}.Debug|x64.Build.0 = Debug|Any CPU
		{B8F1E3A2-F226-4925-9AD3-E8C0C7721CBB}.Debug|x86.ActiveCfg = Debug|Any CPU
		{B8F1E3A2-F226-4925-9AD3-E8C0C7721CBB}.Debug|x86.Build.0 = Debug|Any CPU
		{B8F1E3A2-F226-4925-9AD3-E8C0C7721CBB}.Release|Any CPU.ActiveCfg = Release|Any CPU
		{B8F1E3A2-F226-4925-9AD3-E8C0C7721CBB}.Release|Any CPU.Build.0 = Release|Any CPU
		{B8F1E3A2-F226-4925-9AD3-E8C0C7721CBB}.Release|x64.ActiveCfg = Release|Any CPU
		{B8F1E3A2-F226-4925-9AD3-E8C0C7721CBB}.Release|x64.Build.0 = Release|Any CPU
		{B8F1E3A2-F226-4925-9AD3-E8C0C7721CBB}.Release|x86.ActiveCfg = Release|Any CPU
		{B8F1E3A2-F226-4925-9AD3-E8C0C7721CBB}.Release|x86.Build.0 = Release|Any CPU
		{C8F1E3A2-F226-4925-9AD3-E8C0C7721CCC}.Debug|Any CPU.ActiveCfg = Debug|Any CPU
		{C8F1E3A2-F226-4925-9AD3-E8C0C7721CCC}.Debug|Any CPU.Build.0 = Debug|Any CPU
		{C8F1E3A2-F226-4925-9AD3-E8C0C7721CCC}.Debug|x64.ActiveCfg = Debug|Any CPU
		{C8F1E3A2-F226-4925-9AD3-E8C0C7721CCC}.Debug|x64.Build.0 = Debug|Any CPU
		{C8F1E3A2-F226-4925-9AD3-E8C0C7721CCC}.Debug|x86.ActiveCfg = Debug|Any CPU
		{C8F1E3A2-F226-4925-9AD3-E8C0C7721CCC}.Debug|x86.Build.0 = Debug|Any CPU
		{C8F1E3A2-F226-4925-9AD3-E8C0C7721CCC}.Release|Any CPU.ActiveCfg = Release|Any CPU
		{C8F1E3A2-F226-4925-9AD3-E8C0C7721CCC}.Release|Any CPU.Build.0 = Release|Any CPU
		{C8F1E3A2-F226-4925-9AD3-E8C0C7721CCC}.Release|x64.ActiveCfg = Release|Any CPU
		{C8F1E3A2-F226-4925-9AD3-E8C0C7721CCC}.Release|x64.Build.0 = Release|Any CPU
		{C8F1E3A2-F226-4925-9AD3-E8C0C7721CCC}.Release|x86.ActiveCfg = Release|Any CPU
		{C8F1E3A2-F226-4925-9AD3-E8C0C7721CCC}.Release|x86.Build.0 = Release|Any CPU
		{D8F1E3A2-F226-4925-9AD3-E8C0C7721CCD}.Debug|Any CPU.ActiveCfg = Debug|Any CPU
		{D8F1E3A2-F226-4925-9AD3-E8C0C7721CCD}.Debug|Any CPU.Build.0 = Debug|Any CPU
		{D8F1E3A2-F226-4925-9AD3-E8C0C7721CCD}.Debug|x64.ActiveCfg = Debug|Any CPU
		{D8F1E3A2-F226-4925-9AD3-E8C0C7721CCD}.Debug|x64.Build.0 = Debug|Any CPU
		{D8F1E3A2-F226-4925-9AD3-E8C0C7721CCD}.Debug|x86.ActiveCfg = Debug|Any CPU
		{D8F1E3A2-F226-4925-9AD3-E8C0C7721CCD}.Debug|x86.Build.0 = Debug|Any CPU
		{D8F1E3A2-F226-4925-9AD3-E8C0C7721CCD}.Release|Any CPU.ActiveCfg = Release|Any CPU
		{D8F1E3A2-F226-4925-9AD3-E8C0C7721CCD}.Release|Any CPU.Build.0 = Release|Any CPU
		{D8F1E3A2-F226-4925-9AD3-E8C0C7721CCD}.Release|x64.ActiveCfg = Release|Any CPU
		{D8F1E3A2-F226-4925-9AD3-E8C0C7721CCD}.Release|x64.Build.0 = Release|Any CPU
		{D8F1E3A2-F226-4925-9AD3-E8C0C7721CCD}.Release|x86.ActiveCfg = Release|Any CPU
		{D8F1E3A2-F226-4925-9AD3-E8C0C7721CCD}.Release|x86.Build.0 = Release|Any CPU
<<<<<<< HEAD
		{E8F1E3A2-F226-4925-9AD3-E8C0C7721CEE}.Debug|Any CPU.ActiveCfg = Debug|Any CPU
		{E8F1E3A2-F226-4925-9AD3-E8C0C7721CEE}.Debug|Any CPU.Build.0 = Debug|Any CPU
		{E8F1E3A2-F226-4925-9AD3-E8C0C7721CEE}.Debug|x64.ActiveCfg = Debug|Any CPU
		{E8F1E3A2-F226-4925-9AD3-E8C0C7721CEE}.Debug|x64.Build.0 = Debug|Any CPU
		{E8F1E3A2-F226-4925-9AD3-E8C0C7721CEE}.Debug|x86.ActiveCfg = Debug|Any CPU
		{E8F1E3A2-F226-4925-9AD3-E8C0C7721CEE}.Debug|x86.Build.0 = Debug|Any CPU
		{E8F1E3A2-F226-4925-9AD3-E8C0C7721CEE}.Release|Any CPU.ActiveCfg = Release|Any CPU
		{E8F1E3A2-F226-4925-9AD3-E8C0C7721CEE}.Release|Any CPU.Build.0 = Release|Any CPU
		{E8F1E3A2-F226-4925-9AD3-E8C0C7721CEE}.Release|x64.ActiveCfg = Release|Any CPU
		{E8F1E3A2-F226-4925-9AD3-E8C0C7721CEE}.Release|x64.Build.0 = Release|Any CPU
		{E8F1E3A2-F226-4925-9AD3-E8C0C7721CEE}.Release|x86.ActiveCfg = Release|Any CPU
		{E8F1E3A2-F226-4925-9AD3-E8C0C7721CEE}.Release|x86.Build.0 = Release|Any CPU
		{F8F1E3A2-F226-4925-9AD3-E8C0C7721CFE}.Debug|Any CPU.ActiveCfg = Debug|Any CPU
		{F8F1E3A2-F226-4925-9AD3-E8C0C7721CFE}.Debug|Any CPU.Build.0 = Debug|Any CPU
		{F8F1E3A2-F226-4925-9AD3-E8C0C7721CFE}.Debug|x64.ActiveCfg = Debug|Any CPU
		{F8F1E3A2-F226-4925-9AD3-E8C0C7721CFE}.Debug|x64.Build.0 = Debug|Any CPU
		{F8F1E3A2-F226-4925-9AD3-E8C0C7721CFE}.Debug|x86.ActiveCfg = Debug|Any CPU
		{F8F1E3A2-F226-4925-9AD3-E8C0C7721CFE}.Debug|x86.Build.0 = Debug|Any CPU
		{F8F1E3A2-F226-4925-9AD3-E8C0C7721CFE}.Release|Any CPU.ActiveCfg = Release|Any CPU
		{F8F1E3A2-F226-4925-9AD3-E8C0C7721CFE}.Release|Any CPU.Build.0 = Release|Any CPU
		{F8F1E3A2-F226-4925-9AD3-E8C0C7721CFE}.Release|x64.ActiveCfg = Release|Any CPU
		{F8F1E3A2-F226-4925-9AD3-E8C0C7721CFE}.Release|x64.Build.0 = Release|Any CPU
		{F8F1E3A2-F226-4925-9AD3-E8C0C7721CFE}.Release|x86.ActiveCfg = Release|Any CPU
		{F8F1E3A2-F226-4925-9AD3-E8C0C7721CFE}.Release|x86.Build.0 = Release|Any CPU
		{08F1E3A2-F226-4925-9AD3-E8C0C7721CFF}.Debug|Any CPU.ActiveCfg = Debug|Any CPU
		{08F1E3A2-F226-4925-9AD3-E8C0C7721CFF}.Debug|Any CPU.Build.0 = Debug|Any CPU
		{08F1E3A2-F226-4925-9AD3-E8C0C7721CFF}.Debug|x64.ActiveCfg = Debug|Any CPU
		{08F1E3A2-F226-4925-9AD3-E8C0C7721CFF}.Debug|x64.Build.0 = Debug|Any CPU
		{08F1E3A2-F226-4925-9AD3-E8C0C7721CFF}.Debug|x86.ActiveCfg = Debug|Any CPU
		{08F1E3A2-F226-4925-9AD3-E8C0C7721CFF}.Debug|x86.Build.0 = Debug|Any CPU
		{08F1E3A2-F226-4925-9AD3-E8C0C7721CFF}.Release|Any CPU.ActiveCfg = Release|Any CPU
		{08F1E3A2-F226-4925-9AD3-E8C0C7721CFF}.Release|Any CPU.Build.0 = Release|Any CPU
		{08F1E3A2-F226-4925-9AD3-E8C0C7721CFF}.Release|x64.ActiveCfg = Release|Any CPU
		{08F1E3A2-F226-4925-9AD3-E8C0C7721CFF}.Release|x64.Build.0 = Release|Any CPU
		{08F1E3A2-F226-4925-9AD3-E8C0C7721CFF}.Release|x86.ActiveCfg = Release|Any CPU
		{08F1E3A2-F226-4925-9AD3-E8C0C7721CFF}.Release|x86.Build.0 = Release|Any CPU
		{18F1E3A2-F226-4925-9AD3-E8C0C7721CG0}.Debug|Any CPU.ActiveCfg = Debug|Any CPU
		{18F1E3A2-F226-4925-9AD3-E8C0C7721CG0}.Debug|Any CPU.Build.0 = Debug|Any CPU
		{18F1E3A2-F226-4925-9AD3-E8C0C7721CG0}.Debug|x64.ActiveCfg = Debug|Any CPU
		{18F1E3A2-F226-4925-9AD3-E8C0C7721CG0}.Debug|x64.Build.0 = Debug|Any CPU
		{18F1E3A2-F226-4925-9AD3-E8C0C7721CG0}.Debug|x86.ActiveCfg = Debug|Any CPU
		{18F1E3A2-F226-4925-9AD3-E8C0C7721CG0}.Debug|x86.Build.0 = Debug|Any CPU
		{18F1E3A2-F226-4925-9AD3-E8C0C7721CG0}.Release|Any CPU.ActiveCfg = Release|Any CPU
		{18F1E3A2-F226-4925-9AD3-E8C0C7721CG0}.Release|Any CPU.Build.0 = Release|Any CPU
		{18F1E3A2-F226-4925-9AD3-E8C0C7721CG0}.Release|x64.ActiveCfg = Release|Any CPU
		{18F1E3A2-F226-4925-9AD3-E8C0C7721CG0}.Release|x64.Build.0 = Release|Any CPU
		{18F1E3A2-F226-4925-9AD3-E8C0C7721CG0}.Release|x86.ActiveCfg = Release|Any CPU
		{18F1E3A2-F226-4925-9AD3-E8C0C7721CG0}.Release|x86.Build.0 = Release|Any CPU
		{E8F1E3A2-F226-4925-9AD3-E8C0C7721CCE}.Debug|Any CPU.ActiveCfg = Debug|Any CPU
		{E8F1E3A2-F226-4925-9AD3-E8C0C7721CCE}.Debug|Any CPU.Build.0 = Debug|Any CPU
		{E8F1E3A2-F226-4925-9AD3-E8C0C7721CCE}.Debug|x64.ActiveCfg = Debug|Any CPU
		{E8F1E3A2-F226-4925-9AD3-E8C0C7721CCE}.Debug|x64.Build.0 = Debug|Any CPU
		{E8F1E3A2-F226-4925-9AD3-E8C0C7721CCE}.Debug|x86.ActiveCfg = Debug|Any CPU
		{E8F1E3A2-F226-4925-9AD3-E8C0C7721CCE}.Debug|x86.Build.0 = Debug|Any CPU
		{E8F1E3A2-F226-4925-9AD3-E8C0C7721CCE}.Release|Any CPU.ActiveCfg = Release|Any CPU
		{E8F1E3A2-F226-4925-9AD3-E8C0C7721CCE}.Release|Any CPU.Build.0 = Release|Any CPU
		{E8F1E3A2-F226-4925-9AD3-E8C0C7721CCE}.Release|x64.ActiveCfg = Release|Any CPU
		{E8F1E3A2-F226-4925-9AD3-E8C0C7721CCE}.Release|x64.Build.0 = Release|Any CPU
		{E8F1E3A2-F226-4925-9AD3-E8C0C7721CCE}.Release|x86.ActiveCfg = Release|Any CPU
		{E8F1E3A2-F226-4925-9AD3-E8C0C7721CCE}.Release|x86.Build.0 = Release|Any CPU
		{F8F1E3A2-F226-4925-9AD3-E8C0C7721CCF}.Debug|Any CPU.ActiveCfg = Debug|Any CPU
		{F8F1E3A2-F226-4925-9AD3-E8C0C7721CCF}.Debug|Any CPU.Build.0 = Debug|Any CPU
		{F8F1E3A2-F226-4925-9AD3-E8C0C7721CCF}.Debug|x64.ActiveCfg = Debug|Any CPU
		{F8F1E3A2-F226-4925-9AD3-E8C0C7721CCF}.Debug|x64.Build.0 = Debug|Any CPU
		{F8F1E3A2-F226-4925-9AD3-E8C0C7721CCF}.Debug|x86.ActiveCfg = Debug|Any CPU
		{F8F1E3A2-F226-4925-9AD3-E8C0C7721CCF}.Debug|x86.Build.0 = Debug|Any CPU
		{F8F1E3A2-F226-4925-9AD3-E8C0C7721CCF}.Release|Any CPU.ActiveCfg = Release|Any CPU
		{F8F1E3A2-F226-4925-9AD3-E8C0C7721CCF}.Release|Any CPU.Build.0 = Release|Any CPU
		{F8F1E3A2-F226-4925-9AD3-E8C0C7721CCF}.Release|x64.ActiveCfg = Release|Any CPU
		{F8F1E3A2-F226-4925-9AD3-E8C0C7721CCF}.Release|x64.Build.0 = Release|Any CPU
		{F8F1E3A2-F226-4925-9AD3-E8C0C7721CCF}.Release|x86.ActiveCfg = Release|Any CPU
		{F8F1E3A2-F226-4925-9AD3-E8C0C7721CCF}.Release|x86.Build.0 = Release|Any CPU
		{G8F1E3A2-F226-4925-9AD3-E8C0C7721CCG}.Debug|Any CPU.ActiveCfg = Debug|Any CPU
		{G8F1E3A2-F226-4925-9AD3-E8C0C7721CCG}.Debug|Any CPU.Build.0 = Debug|Any CPU
		{G8F1E3A2-F226-4925-9AD3-E8C0C7721CCG}.Debug|x64.ActiveCfg = Debug|Any CPU
		{G8F1E3A2-F226-4925-9AD3-E8C0C7721CCG}.Debug|x64.Build.0 = Debug|Any CPU
		{G8F1E3A2-F226-4925-9AD3-E8C0C7721CCG}.Debug|x86.ActiveCfg = Debug|Any CPU
		{G8F1E3A2-F226-4925-9AD3-E8C0C7721CCG}.Debug|x86.Build.0 = Debug|Any CPU
		{G8F1E3A2-F226-4925-9AD3-E8C0C7721CCG}.Release|Any CPU.ActiveCfg = Release|Any CPU
		{G8F1E3A2-F226-4925-9AD3-E8C0C7721CCG}.Release|Any CPU.Build.0 = Release|Any CPU
		{G8F1E3A2-F226-4925-9AD3-E8C0C7721CCG}.Release|x64.ActiveCfg = Release|Any CPU
		{G8F1E3A2-F226-4925-9AD3-E8C0C7721CCG}.Release|x64.Build.0 = Release|Any CPU
		{G8F1E3A2-F226-4925-9AD3-E8C0C7721CCG}.Release|x86.ActiveCfg = Release|Any CPU
		{G8F1E3A2-F226-4925-9AD3-E8C0C7721CCG}.Release|x86.Build.0 = Release|Any CPU
	EndGlobalSection
	GlobalSection(SolutionProperties) = preSolution
		HideSolutionNode = FALSE
	EndGlobalSection
	GlobalSection(ExtensibilityGlobals) = postSolution
		SolutionGuid = {3EEECBE3-A24D-41E9-9DA1-F81507973D0F}
	EndGlobalSection
EndGlobal
